// !$*UTF8*$!
{
	archiveVersion = 1;
	classes = {
	};
	objectVersion = 46;
	objects = {

/* Begin PBXBuildFile section */
		1D3623260D0F684500981E51 /* PfandrechnerAppDelegate.m in Sources */ = {isa = PBXBuildFile; fileRef = 1D3623250D0F684500981E51 /* PfandrechnerAppDelegate.m */; };
		1D60589B0D05DD56006BFB54 /* main.m in Sources */ = {isa = PBXBuildFile; fileRef = 29B97316FDCFA39411CA2CEA /* main.m */; };
		1D60589F0D05DD5A006BFB54 /* Foundation.framework in Frameworks */ = {isa = PBXBuildFile; fileRef = 1D30AB110D05D00D00671497 /* Foundation.framework */; };
		1DF5F4E00D08C38300B7A737 /* UIKit.framework in Frameworks */ = {isa = PBXBuildFile; fileRef = 1DF5F4DF0D08C38300B7A737 /* UIKit.framework */; };
		2892E4100DC94CBA00A64D0F /* CoreGraphics.framework in Frameworks */ = {isa = PBXBuildFile; fileRef = 2892E40F0DC94CBA00A64D0F /* CoreGraphics.framework */; };
		28AD73600D9D9599002E5188 /* MainWindow.xib in Resources */ = {isa = PBXBuildFile; fileRef = 28AD735F0D9D9599002E5188 /* MainWindow.xib */; };
		28C286E10D94DF7D0034E888 /* RootViewController.m in Sources */ = {isa = PBXBuildFile; fileRef = 28C286E00D94DF7D0034E888 /* RootViewController.m */; };
		28F335F11007B36200424DE2 /* RootViewController.xib in Resources */ = {isa = PBXBuildFile; fileRef = 28F335F01007B36200424DE2 /* RootViewController.xib */; };
		792A8F24135E1A8A0005BF13 /* icon-72.png in Resources */ = {isa = PBXBuildFile; fileRef = 792A8F23135E1A8A0005BF13 /* icon-72.png */; };
		7936C142163C397000E70135 /* Default@2x.png in Resources */ = {isa = PBXBuildFile; fileRef = 7936C141163C397000E70135 /* Default@2x.png */; };
		793FABA3131BEB88003E811C /* ProductCell.m in Sources */ = {isa = PBXBuildFile; fileRef = 793FABA2131BEB88003E811C /* ProductCell.m */; };
		79456DA7163CA6AD00453893 /* Default.png in Resources */ = {isa = PBXBuildFile; fileRef = 79456DA6163CA6AD00453893 /* Default.png */; };
		794812991358C8080072D515 /* Settings.bundle in Resources */ = {isa = PBXBuildFile; fileRef = 794812981358C8080072D515 /* Settings.bundle */; };
		794A648B162C5EF200430217 /* Default-568h@2x.png in Resources */ = {isa = PBXBuildFile; fileRef = 794A648A162C5EF200430217 /* Default-568h@2x.png */; };
		794A6491162C784E00430217 /* libFlurryAnalytics.a in Frameworks */ = {isa = PBXBuildFile; fileRef = 794A6490162C784E00430217 /* libFlurryAnalytics.a */; };
		7977582E135DC8D100E539E5 /* Entitlements.plist in Resources */ = {isa = PBXBuildFile; fileRef = 7977582D135DC8D100E539E5 /* Entitlements.plist */; };
		79819A99134CB7C10076B852 /* CoreFoundation.framework in Frameworks */ = {isa = PBXBuildFile; fileRef = 79819A98134CB7C10076B852 /* CoreFoundation.framework */; };
		79819B07134CBE0A0076B852 /* AudioToolbox.framework in Frameworks */ = {isa = PBXBuildFile; fileRef = 79819B06134CBE0A0076B852 /* AudioToolbox.framework */; };
		79819B3D134CC2AD0076B852 /* AVFoundation.framework in Frameworks */ = {isa = PBXBuildFile; fileRef = 79819B3C134CC2AD0076B852 /* AVFoundation.framework */; };
		7990B3181352718400DBC696 /* ProductCellv7.xib in Resources */ = {isa = PBXBuildFile; fileRef = 7990B3171352718400DBC696 /* ProductCellv7.xib */; };
		799D47D51328E0430047C14B /* Product.m in Sources */ = {isa = PBXBuildFile; fileRef = 799D47D41328E0430047C14B /* Product.m */; };
		79C92286134A5829006B7818 /* icon-small-50.png in Resources */ = {isa = PBXBuildFile; fileRef = 79C9227F134A5829006B7818 /* icon-small-50.png */; };
		79C92287134A5829006B7818 /* icon-small.png in Resources */ = {isa = PBXBuildFile; fileRef = 79C92280134A5829006B7818 /* icon-small.png */; };
		79C92288134A5829006B7818 /* icon-small@2x.png in Resources */ = {isa = PBXBuildFile; fileRef = 79C92281134A5829006B7818 /* icon-small@2x.png */; };
		79C92289134A5829006B7818 /* icon.png in Resources */ = {isa = PBXBuildFile; fileRef = 79C92282134A5829006B7818 /* icon.png */; };
		79C9228A134A5829006B7818 /* icon@2x.png in Resources */ = {isa = PBXBuildFile; fileRef = 79C92283134A5829006B7818 /* icon@2x.png */; };
		79C9228B134A5829006B7818 /* iTunesArtwork in Resources */ = {isa = PBXBuildFile; fileRef = 79C92284134A5829006B7818 /* iTunesArtwork */; };
		79E757EE134FBA8F004DC536 /* ProductCellv6.xib in Resources */ = {isa = PBXBuildFile; fileRef = 79E757ED134FBA8F004DC536 /* ProductCellv6.xib */; };
		79ED24101359BA19001B8C8E /* img5 in Resources */ = {isa = PBXBuildFile; fileRef = 79ED24031359BA19001B8C8E /* img5 */; };
		79F3ED9D134DC455007B551D /* QuartzCore.framework in Frameworks */ = {isa = PBXBuildFile; fileRef = 79F3ED9C134DC455007B551D /* QuartzCore.framework */; };
		79FB7F67138D1F06003F8949 /* RMURLAlert.m in Sources */ = {isa = PBXBuildFile; fileRef = 79FB7F66138D1F06003F8949 /* RMURLAlert.m */; };
/* End PBXBuildFile section */

/* Begin PBXFileReference section */
		1D30AB110D05D00D00671497 /* Foundation.framework */ = {isa = PBXFileReference; lastKnownFileType = wrapper.framework; name = Foundation.framework; path = System/Library/Frameworks/Foundation.framework; sourceTree = SDKROOT; };
		1D3623240D0F684500981E51 /* PfandrechnerAppDelegate.h */ = {isa = PBXFileReference; fileEncoding = 4; lastKnownFileType = sourcecode.c.h; path = PfandrechnerAppDelegate.h; sourceTree = "<group>"; };
		1D3623250D0F684500981E51 /* PfandrechnerAppDelegate.m */ = {isa = PBXFileReference; fileEncoding = 4; lastKnownFileType = sourcecode.c.objc; path = PfandrechnerAppDelegate.m; sourceTree = "<group>"; };
		1D6058910D05DD3D006BFB54 /* Pfandrechner.app */ = {isa = PBXFileReference; explicitFileType = wrapper.application; includeInIndex = 0; path = Pfandrechner.app; sourceTree = BUILT_PRODUCTS_DIR; };
		1DF5F4DF0D08C38300B7A737 /* UIKit.framework */ = {isa = PBXFileReference; lastKnownFileType = wrapper.framework; name = UIKit.framework; path = System/Library/Frameworks/UIKit.framework; sourceTree = SDKROOT; };
		2892E40F0DC94CBA00A64D0F /* CoreGraphics.framework */ = {isa = PBXFileReference; lastKnownFileType = wrapper.framework; name = CoreGraphics.framework; path = System/Library/Frameworks/CoreGraphics.framework; sourceTree = SDKROOT; };
		28A0AAE50D9B0CCF005BE974 /* Pfandrechner_Prefix.pch */ = {isa = PBXFileReference; fileEncoding = 4; lastKnownFileType = sourcecode.c.h; path = Pfandrechner_Prefix.pch; sourceTree = "<group>"; };
		28AD735F0D9D9599002E5188 /* MainWindow.xib */ = {isa = PBXFileReference; lastKnownFileType = file.xib; path = MainWindow.xib; sourceTree = "<group>"; };
		28C286DF0D94DF7D0034E888 /* RootViewController.h */ = {isa = PBXFileReference; fileEncoding = 4; lastKnownFileType = sourcecode.c.h; path = RootViewController.h; sourceTree = "<group>"; };
		28C286E00D94DF7D0034E888 /* RootViewController.m */ = {isa = PBXFileReference; fileEncoding = 4; lastKnownFileType = sourcecode.c.objc; path = RootViewController.m; sourceTree = "<group>"; };
		28F335F01007B36200424DE2 /* RootViewController.xib */ = {isa = PBXFileReference; lastKnownFileType = file.xib; path = RootViewController.xib; sourceTree = "<group>"; };
		29B97316FDCFA39411CA2CEA /* main.m */ = {isa = PBXFileReference; fileEncoding = 4; lastKnownFileType = sourcecode.c.objc; path = main.m; sourceTree = "<group>"; };
		792A8F23135E1A8A0005BF13 /* icon-72.png */ = {isa = PBXFileReference; lastKnownFileType = image.png; path = "icon-72.png"; sourceTree = "<group>"; };
		7936C141163C397000E70135 /* Default@2x.png */ = {isa = PBXFileReference; lastKnownFileType = image.png; path = "Default@2x.png"; sourceTree = "<group>"; };
		793FABA1131BEB88003E811C /* ProductCell.h */ = {isa = PBXFileReference; fileEncoding = 4; lastKnownFileType = sourcecode.c.h; name = ProductCell.h; path = ../ProductCell.h; sourceTree = "<group>"; };
		793FABA2131BEB88003E811C /* ProductCell.m */ = {isa = PBXFileReference; fileEncoding = 4; lastKnownFileType = sourcecode.c.objc; name = ProductCell.m; path = ../ProductCell.m; sourceTree = "<group>"; };
		79456DA6163CA6AD00453893 /* Default.png */ = {isa = PBXFileReference; lastKnownFileType = image.png; path = Default.png; sourceTree = "<group>"; };
		794812981358C8080072D515 /* Settings.bundle */ = {isa = PBXFileReference; lastKnownFileType = "wrapper.plug-in"; path = Settings.bundle; sourceTree = "<group>"; };
		794A648A162C5EF200430217 /* Default-568h@2x.png */ = {isa = PBXFileReference; lastKnownFileType = image.png; path = "Default-568h@2x.png"; sourceTree = "<group>"; };
		794A648F162C784E00430217 /* FlurryAnalytics.h */ = {isa = PBXFileReference; fileEncoding = 4; lastKnownFileType = sourcecode.c.h; path = FlurryAnalytics.h; sourceTree = "<group>"; };
		794A6490162C784E00430217 /* libFlurryAnalytics.a */ = {isa = PBXFileReference; lastKnownFileType = archive.ar; path = libFlurryAnalytics.a; sourceTree = "<group>"; };
		7977582D135DC8D100E539E5 /* Entitlements.plist */ = {isa = PBXFileReference; fileEncoding = 4; lastKnownFileType = text.plist.xml; path = Entitlements.plist; sourceTree = "<group>"; };
		79819A98134CB7C10076B852 /* CoreFoundation.framework */ = {isa = PBXFileReference; lastKnownFileType = wrapper.framework; name = CoreFoundation.framework; path = System/Library/Frameworks/CoreFoundation.framework; sourceTree = SDKROOT; };
		79819B06134CBE0A0076B852 /* AudioToolbox.framework */ = {isa = PBXFileReference; lastKnownFileType = wrapper.framework; name = AudioToolbox.framework; path = System/Library/Frameworks/AudioToolbox.framework; sourceTree = SDKROOT; };
		79819B3C134CC2AD0076B852 /* AVFoundation.framework */ = {isa = PBXFileReference; lastKnownFileType = wrapper.framework; name = AVFoundation.framework; path = System/Library/Frameworks/AVFoundation.framework; sourceTree = SDKROOT; };
		7990B3171352718400DBC696 /* ProductCellv7.xib */ = {isa = PBXFileReference; lastKnownFileType = file.xib; path = ProductCellv7.xib; sourceTree = "<group>"; };
		799D47D31328E0430047C14B /* Product.h */ = {isa = PBXFileReference; fileEncoding = 4; lastKnownFileType = sourcecode.c.h; path = Product.h; sourceTree = "<group>"; };
		799D47D41328E0430047C14B /* Product.m */ = {isa = PBXFileReference; fileEncoding = 4; lastKnownFileType = sourcecode.c.objc; path = Product.m; sourceTree = "<group>"; };
		79C9227F134A5829006B7818 /* icon-small-50.png */ = {isa = PBXFileReference; lastKnownFileType = image.png; path = "icon-small-50.png"; sourceTree = "<group>"; };
		79C92280134A5829006B7818 /* icon-small.png */ = {isa = PBXFileReference; lastKnownFileType = image.png; path = "icon-small.png"; sourceTree = "<group>"; };
		79C92281134A5829006B7818 /* icon-small@2x.png */ = {isa = PBXFileReference; lastKnownFileType = image.png; path = "icon-small@2x.png"; sourceTree = "<group>"; };
		79C92282134A5829006B7818 /* icon.png */ = {isa = PBXFileReference; lastKnownFileType = image.png; path = icon.png; sourceTree = "<group>"; };
		79C92283134A5829006B7818 /* icon@2x.png */ = {isa = PBXFileReference; lastKnownFileType = image.png; path = "icon@2x.png"; sourceTree = "<group>"; };
		79C92284134A5829006B7818 /* iTunesArtwork */ = {isa = PBXFileReference; lastKnownFileType = file; path = iTunesArtwork; sourceTree = "<group>"; };
		79E757ED134FBA8F004DC536 /* ProductCellv6.xib */ = {isa = PBXFileReference; lastKnownFileType = file.xib; path = ProductCellv6.xib; sourceTree = "<group>"; };
		79ED24031359BA19001B8C8E /* img5 */ = {isa = PBXFileReference; lastKnownFileType = folder; path = img5; sourceTree = "<group>"; };
		79F3ED9C134DC455007B551D /* QuartzCore.framework */ = {isa = PBXFileReference; lastKnownFileType = wrapper.framework; name = QuartzCore.framework; path = System/Library/Frameworks/QuartzCore.framework; sourceTree = SDKROOT; };
		79FB7F65138D1F06003F8949 /* RMURLAlert.h */ = {isa = PBXFileReference; fileEncoding = 4; lastKnownFileType = sourcecode.c.h; path = RMURLAlert.h; sourceTree = "<group>"; };
		79FB7F66138D1F06003F8949 /* RMURLAlert.m */ = {isa = PBXFileReference; fileEncoding = 4; lastKnownFileType = sourcecode.c.objc; path = RMURLAlert.m; sourceTree = "<group>"; };
		8D1107310486CEB800E47090 /* Pfandrechner-Info.plist */ = {isa = PBXFileReference; fileEncoding = 4; lastKnownFileType = text.plist.xml; path = "Pfandrechner-Info.plist"; plistStructureDefinitionIdentifier = "com.apple.xcode.plist.structure-definition.iphone.info-plist"; sourceTree = "<group>"; };
/* End PBXFileReference section */

/* Begin PBXFrameworksBuildPhase section */
		1D60588F0D05DD3D006BFB54 /* Frameworks */ = {
			isa = PBXFrameworksBuildPhase;
			buildActionMask = 2147483647;
			files = (
				1D60589F0D05DD5A006BFB54 /* Foundation.framework in Frameworks */,
				1DF5F4E00D08C38300B7A737 /* UIKit.framework in Frameworks */,
				2892E4100DC94CBA00A64D0F /* CoreGraphics.framework in Frameworks */,
				79819A99134CB7C10076B852 /* CoreFoundation.framework in Frameworks */,
				79819B07134CBE0A0076B852 /* AudioToolbox.framework in Frameworks */,
				79819B3D134CC2AD0076B852 /* AVFoundation.framework in Frameworks */,
				79F3ED9D134DC455007B551D /* QuartzCore.framework in Frameworks */,
				794A6491162C784E00430217 /* libFlurryAnalytics.a in Frameworks */,
			);
			runOnlyForDeploymentPostprocessing = 0;
		};
/* End PBXFrameworksBuildPhase section */

/* Begin PBXGroup section */
		080E96DDFE201D6D7F000001 /* Classes */ = {
			isa = PBXGroup;
			children = (
				28C286DF0D94DF7D0034E888 /* RootViewController.h */,
				28C286E00D94DF7D0034E888 /* RootViewController.m */,
				793FABA1131BEB88003E811C /* ProductCell.h */,
				793FABA2131BEB88003E811C /* ProductCell.m */,
				1D3623240D0F684500981E51 /* PfandrechnerAppDelegate.h */,
				1D3623250D0F684500981E51 /* PfandrechnerAppDelegate.m */,
				799D47D31328E0430047C14B /* Product.h */,
				799D47D41328E0430047C14B /* Product.m */,
				79FB7F65138D1F06003F8949 /* RMURLAlert.h */,
				79FB7F66138D1F06003F8949 /* RMURLAlert.m */,
			);
			path = Classes;
			sourceTree = "<group>";
		};
		19C28FACFE9D520D11CA2CBB /* Products */ = {
			isa = PBXGroup;
			children = (
				1D6058910D05DD3D006BFB54 /* Pfandrechner.app */,
			);
			name = Products;
			sourceTree = "<group>";
		};
		29B97314FDCFA39411CA2CEA /* CustomTemplate */ = {
			isa = PBXGroup;
			children = (
				794A648E162C784E00430217 /* FlurryAnalytics */,
				080E96DDFE201D6D7F000001 /* Classes */,
				29B97315FDCFA39411CA2CEA /* Other Sources */,
				29B97317FDCFA39411CA2CEA /* Resources */,
				29B97323FDCFA39411CA2CEA /* Frameworks */,
				19C28FACFE9D520D11CA2CBB /* Products */,
				794812981358C8080072D515 /* Settings.bundle */,
			);
			name = CustomTemplate;
			sourceTree = "<group>";
		};
		29B97315FDCFA39411CA2CEA /* Other Sources */ = {
			isa = PBXGroup;
			children = (
				28A0AAE50D9B0CCF005BE974 /* Pfandrechner_Prefix.pch */,
				29B97316FDCFA39411CA2CEA /* main.m */,
			);
			name = "Other Sources";
			sourceTree = "<group>";
		};
		29B97317FDCFA39411CA2CEA /* Resources */ = {
			isa = PBXGroup;
			children = (
				79456DA6163CA6AD00453893 /* Default.png */,
				794A648A162C5EF200430217 /* Default-568h@2x.png */,
				7936C141163C397000E70135 /* Default@2x.png */,
				79C92284134A5829006B7818 /* iTunesArtwork */,
				79ED24031359BA19001B8C8E /* img5 */,
				79C92282134A5829006B7818 /* icon.png */,
				79C92283134A5829006B7818 /* icon@2x.png */,
				79C92280134A5829006B7818 /* icon-small.png */,
				79C9227F134A5829006B7818 /* icon-small-50.png */,
				79C92281134A5829006B7818 /* icon-small@2x.png */,
				792A8F23135E1A8A0005BF13 /* icon-72.png */,
				28F335F01007B36200424DE2 /* RootViewController.xib */,
				28AD735F0D9D9599002E5188 /* MainWindow.xib */,
				8D1107310486CEB800E47090 /* Pfandrechner-Info.plist */,
				79E757ED134FBA8F004DC536 /* ProductCellv6.xib */,
				7990B3171352718400DBC696 /* ProductCellv7.xib */,
				7977582D135DC8D100E539E5 /* Entitlements.plist */,
			);
			name = Resources;
			sourceTree = "<group>";
		};
		29B97323FDCFA39411CA2CEA /* Frameworks */ = {
			isa = PBXGroup;
			children = (
				1DF5F4DF0D08C38300B7A737 /* UIKit.framework */,
				1D30AB110D05D00D00671497 /* Foundation.framework */,
				2892E40F0DC94CBA00A64D0F /* CoreGraphics.framework */,
				79819A98134CB7C10076B852 /* CoreFoundation.framework */,
				79819B06134CBE0A0076B852 /* AudioToolbox.framework */,
				79819B3C134CC2AD0076B852 /* AVFoundation.framework */,
				79F3ED9C134DC455007B551D /* QuartzCore.framework */,
			);
			name = Frameworks;
			sourceTree = "<group>";
		};
		794A648E162C784E00430217 /* FlurryAnalytics */ = {
			isa = PBXGroup;
			children = (
				794A648F162C784E00430217 /* FlurryAnalytics.h */,
				794A6490162C784E00430217 /* libFlurryAnalytics.a */,
			);
			path = FlurryAnalytics;
			sourceTree = "<group>";
		};
/* End PBXGroup section */

/* Begin PBXNativeTarget section */
		1D6058900D05DD3D006BFB54 /* Pfandrechner */ = {
			isa = PBXNativeTarget;
			buildConfigurationList = 1D6058960D05DD3E006BFB54 /* Build configuration list for PBXNativeTarget "Pfandrechner" */;
			buildPhases = (
				1D60588D0D05DD3D006BFB54 /* Resources */,
				1D60588E0D05DD3D006BFB54 /* Sources */,
				1D60588F0D05DD3D006BFB54 /* Frameworks */,
			);
			buildRules = (
			);
			dependencies = (
			);
			name = Pfandrechner;
			productName = pfandrechner;
			productReference = 1D6058910D05DD3D006BFB54 /* Pfandrechner.app */;
			productType = "com.apple.product-type.application";
		};
/* End PBXNativeTarget section */

/* Begin PBXProject section */
		29B97313FDCFA39411CA2CEA /* Project object */ = {
			isa = PBXProject;
			attributes = {
				LastUpgradeCheck = 0450;
			};
			buildConfigurationList = C01FCF4E08A954540054247B /* Build configuration list for PBXProject "Pfandrechner" */;
			compatibilityVersion = "Xcode 3.2";
			developmentRegion = English;
			hasScannedForEncodings = 1;
			knownRegions = (
				English,
				Japanese,
				French,
				German,
				en,
			);
			mainGroup = 29B97314FDCFA39411CA2CEA /* CustomTemplate */;
			projectDirPath = "";
			projectRoot = "";
			targets = (
				1D6058900D05DD3D006BFB54 /* Pfandrechner */,
			);
		};
/* End PBXProject section */

/* Begin PBXResourcesBuildPhase section */
		1D60588D0D05DD3D006BFB54 /* Resources */ = {
			isa = PBXResourcesBuildPhase;
			buildActionMask = 2147483647;
			files = (
				28AD73600D9D9599002E5188 /* MainWindow.xib in Resources */,
				28F335F11007B36200424DE2 /* RootViewController.xib in Resources */,
				79C92286134A5829006B7818 /* icon-small-50.png in Resources */,
				79C92287134A5829006B7818 /* icon-small.png in Resources */,
				79C92288134A5829006B7818 /* icon-small@2x.png in Resources */,
				79C92289134A5829006B7818 /* icon.png in Resources */,
				79C9228A134A5829006B7818 /* icon@2x.png in Resources */,
				79C9228B134A5829006B7818 /* iTunesArtwork in Resources */,
				79E757EE134FBA8F004DC536 /* ProductCellv6.xib in Resources */,
				7990B3181352718400DBC696 /* ProductCellv7.xib in Resources */,
				794812991358C8080072D515 /* Settings.bundle in Resources */,
				79ED24101359BA19001B8C8E /* img5 in Resources */,
				7977582E135DC8D100E539E5 /* Entitlements.plist in Resources */,
				792A8F24135E1A8A0005BF13 /* icon-72.png in Resources */,
				794A648B162C5EF200430217 /* Default-568h@2x.png in Resources */,
				7936C142163C397000E70135 /* Default@2x.png in Resources */,
				79456DA7163CA6AD00453893 /* Default.png in Resources */,
			);
			runOnlyForDeploymentPostprocessing = 0;
		};
/* End PBXResourcesBuildPhase section */

/* Begin PBXSourcesBuildPhase section */
		1D60588E0D05DD3D006BFB54 /* Sources */ = {
			isa = PBXSourcesBuildPhase;
			buildActionMask = 2147483647;
			files = (
				1D60589B0D05DD56006BFB54 /* main.m in Sources */,
				1D3623260D0F684500981E51 /* PfandrechnerAppDelegate.m in Sources */,
				28C286E10D94DF7D0034E888 /* RootViewController.m in Sources */,
				793FABA3131BEB88003E811C /* ProductCell.m in Sources */,
				799D47D51328E0430047C14B /* Product.m in Sources */,
				79FB7F67138D1F06003F8949 /* RMURLAlert.m in Sources */,
			);
			runOnlyForDeploymentPostprocessing = 0;
		};
/* End PBXSourcesBuildPhase section */

/* Begin XCBuildConfiguration section */
		1D6058940D05DD3E006BFB54 /* Debug */ = {
			isa = XCBuildConfiguration;
			buildSettings = {
				ALWAYS_SEARCH_USER_PATHS = NO;
				CODE_SIGN_IDENTITY = "iPhone Developer";
				COPY_PHASE_STRIP = NO;
				GCC_DYNAMIC_NO_PIC = NO;
				GCC_OPTIMIZATION_LEVEL = 0;
				GCC_PRECOMPILE_PREFIX_HEADER = YES;
				GCC_PREFIX_HEADER = Pfandrechner_Prefix.pch;
				INFOPLIST_FILE = "Pfandrechner-Info.plist";
				LIBRARY_SEARCH_PATHS = (
					"$(inherited)",
					"\"$(SRCROOT)/FlurryAnalytics\"",
				);
				PRODUCT_NAME = Pfandrechner;
				PROVISIONING_PROFILE = "";
				TARGETED_DEVICE_FAMILY = 1;
			};
			name = Debug;
		};
		1D6058950D05DD3E006BFB54 /* Release */ = {
			isa = XCBuildConfiguration;
			buildSettings = {
				ALWAYS_SEARCH_USER_PATHS = NO;
				CODE_SIGN_IDENTITY = "iPhone Distribution: Richard Metzler";
				"CODE_SIGN_IDENTITY[sdk=iphoneos*]" = "iPhone Distribution: Richard Metzler";
				COPY_PHASE_STRIP = YES;
				GCC_PRECOMPILE_PREFIX_HEADER = YES;
				GCC_PREFIX_HEADER = Pfandrechner_Prefix.pch;
				INFOPLIST_FILE = "Pfandrechner-Info.plist";
				LIBRARY_SEARCH_PATHS = (
					"$(inherited)",
					"\"$(SRCROOT)/FlurryAnalytics\"",
				);
				PRODUCT_NAME = Pfandrechner;
				TARGETED_DEVICE_FAMILY = 1;
				VALIDATE_PRODUCT = YES;
			};
			name = Release;
		};
		799D10E91355BEDC004EFD14 /* Ad Hoc */ = {
			isa = XCBuildConfiguration;
			buildSettings = {
				ARCHS = "$(ARCHS_STANDARD_32_BIT)";
				CODE_SIGN_IDENTITY = "iPhone Distribution: Richard Metzler";
				"CODE_SIGN_IDENTITY[sdk=iphoneos*]" = "iPhone Developer";
				GCC_C_LANGUAGE_STANDARD = c99;
				GCC_WARN_ABOUT_RETURN_TYPE = YES;
				GCC_WARN_UNUSED_VARIABLE = YES;
				IPHONEOS_DEPLOYMENT_TARGET = 4.3;
				OTHER_CFLAGS = "-DNS_BLOCK_ASSERTIONS=1";
				PROVISIONING_PROFILE = "D8448D77-BDC6-4776-931A-BB02F3F18805";
				SDKROOT = iphoneos;
			};
			name = "Ad Hoc";
		};
		799D10EA1355BEDC004EFD14 /* Ad Hoc */ = {
			isa = XCBuildConfiguration;
			buildSettings = {
				ALWAYS_SEARCH_USER_PATHS = NO;
				"CODE_SIGN_ENTITLEMENTS[sdk=*]" = Entitlements.plist;
				CODE_SIGN_IDENTITY = "iPhone Developer";
				COPY_PHASE_STRIP = YES;
				GCC_PRECOMPILE_PREFIX_HEADER = YES;
				GCC_PREFIX_HEADER = Pfandrechner_Prefix.pch;
				INFOPLIST_FILE = "Pfandrechner-Info.plist";
				LIBRARY_SEARCH_PATHS = (
					"$(inherited)",
					"\"$(SRCROOT)/FlurryAnalytics\"",
				);
				PRODUCT_NAME = Pfandrechner;
				PROVISIONING_PROFILE = "";
				TARGETED_DEVICE_FAMILY = 1;
				VALIDATE_PRODUCT = YES;
			};
			name = "Ad Hoc";
		};
		C01FCF4F08A954540054247B /* Debug */ = {
			isa = XCBuildConfiguration;
			buildSettings = {
				ARCHS = "$(ARCHS_STANDARD_32_BIT)";
				CODE_SIGN_IDENTITY = "iPhone Developer: Richard Metzler (2ET4EDCM6E)";
				"CODE_SIGN_IDENTITY[sdk=iphonesimulator*]" = "iPhone Developer";
				GCC_C_LANGUAGE_STANDARD = c99;
				GCC_WARN_ABOUT_RETURN_TYPE = YES;
				GCC_WARN_UNUSED_VARIABLE = YES;
				IPHONEOS_DEPLOYMENT_TARGET = 4.3;
				PROVISIONING_PROFILE = "04EE0BAF-B68A-4B04-AA95-7AD527360CE8";
				SDKROOT = iphoneos;
			};
			name = Debug;
		};
		C01FCF5008A954540054247B /* Release */ = {
			isa = XCBuildConfiguration;
			buildSettings = {
				ARCHS = "$(ARCHS_STANDARD_32_BIT)";
				CODE_SIGN_IDENTITY = "iPhone Distribution: Richard Metzler";
				"CODE_SIGN_IDENTITY[sdk=iphoneos*]" = "iPhone Developer";
				GCC_C_LANGUAGE_STANDARD = c99;
				GCC_WARN_ABOUT_RETURN_TYPE = YES;
				GCC_WARN_UNUSED_VARIABLE = YES;
				IPHONEOS_DEPLOYMENT_TARGET = 4.3;
				OTHER_CFLAGS = "-DNS_BLOCK_ASSERTIONS=1";
				PROVISIONING_PROFILE = "2FB2FBAB-42FE-4DDD-848E-B9EA21A04F3E";
				SDKROOT = iphoneos;
			};
			name = Release;
		};
/* End XCBuildConfiguration section */

/* Begin XCConfigurationList section */
		1D6058960D05DD3E006BFB54 /* Build configuration list for PBXNativeTarget "Pfandrechner" */ = {
			isa = XCConfigurationList;
			buildConfigurations = (
				1D6058940D05DD3E006BFB54 /* Debug */,
				799D10EA1355BEDC004EFD14 /* Ad Hoc */,
				1D6058950D05DD3E006BFB54 /* Release */,
			);
			defaultConfigurationIsVisible = 0;
			defaultConfigurationName = Release;
		};
		C01FCF4E08A954540054247B /* Build configuration list for PBXProject "Pfandrechner" */ = {
			isa = XCConfigurationList;
			buildConfigurations = (
				C01FCF4F08A954540054247B /* Debug */,
				799D10E91355BEDC004EFD14 /* Ad Hoc */,
				C01FCF5008A954540054247B /* Release */,
			);
			defaultConfigurationIsVisible = 0;
			defaultConfigurationName = Release;
		};
/* End XCConfigurationList section */
	};
	rootObject = 29B97313FDCFA39411CA2CEA /* Project object */;
}
