// !$*UTF8*$!
{
	archiveVersion = 1;
	classes = {
	};
	objectVersion = 45;
	objects = {

/* Begin PBXBuildFile section */
		1D3623260D0F684500981E51 /* pfandrechnerAppDelegate.m in Sources */ = {isa = PBXBuildFile; fileRef = 1D3623250D0F684500981E51 /* pfandrechnerAppDelegate.m */; };
		1D60589B0D05DD56006BFB54 /* main.m in Sources */ = {isa = PBXBuildFile; fileRef = 29B97316FDCFA39411CA2CEA /* main.m */; };
		1D60589F0D05DD5A006BFB54 /* Foundation.framework in Frameworks */ = {isa = PBXBuildFile; fileRef = 1D30AB110D05D00D00671497 /* Foundation.framework */; };
		1DF5F4E00D08C38300B7A737 /* UIKit.framework in Frameworks */ = {isa = PBXBuildFile; fileRef = 1DF5F4DF0D08C38300B7A737 /* UIKit.framework */; };
		2892E4100DC94CBA00A64D0F /* CoreGraphics.framework in Frameworks */ = {isa = PBXBuildFile; fileRef = 2892E40F0DC94CBA00A64D0F /* CoreGraphics.framework */; };
		28AD73600D9D9599002E5188 /* MainWindow.xib in Resources */ = {isa = PBXBuildFile; fileRef = 28AD735F0D9D9599002E5188 /* MainWindow.xib */; };
		28C286E10D94DF7D0034E888 /* RootViewController.m in Sources */ = {isa = PBXBuildFile; fileRef = 28C286E00D94DF7D0034E888 /* RootViewController.m */; };
		28F335F11007B36200424DE2 /* RootViewController.xib in Resources */ = {isa = PBXBuildFile; fileRef = 28F335F01007B36200424DE2 /* RootViewController.xib */; };
		793CB6D5134920CC00653AAD /* ProductCellv3.xib in Resources */ = {isa = PBXBuildFile; fileRef = 793CB6D4134920CC00653AAD /* ProductCellv3.xib */; };
		793CB6F2134922B500653AAD /* ProductCellv4.xib in Resources */ = {isa = PBXBuildFile; fileRef = 793CB6F1134922B500653AAD /* ProductCellv4.xib */; };
		793FABA3131BEB88003E811C /* ProductCell.m in Sources */ = {isa = PBXBuildFile; fileRef = 793FABA2131BEB88003E811C /* ProductCell.m */; };
		793FABA6131BEBBE003E811C /* ProductCell.xib in Resources */ = {isa = PBXBuildFile; fileRef = 793FABA5131BEBBE003E811C /* ProductCell.xib */; };
		79819A0E134CA2520076B852 /* libFlurry.a in Frameworks */ = {isa = PBXBuildFile; fileRef = 79819A0D134CA2520076B852 /* libFlurry.a */; };
		79819A99134CB7C10076B852 /* CoreFoundation.framework in Frameworks */ = {isa = PBXBuildFile; fileRef = 79819A98134CB7C10076B852 /* CoreFoundation.framework */; };
		79819B07134CBE0A0076B852 /* AudioToolbox.framework in Frameworks */ = {isa = PBXBuildFile; fileRef = 79819B06134CBE0A0076B852 /* AudioToolbox.framework */; };
		79819B3D134CC2AD0076B852 /* AVFoundation.framework in Frameworks */ = {isa = PBXBuildFile; fileRef = 79819B3C134CC2AD0076B852 /* AVFoundation.framework */; };
		799D47D51328E0430047C14B /* Product.m in Sources */ = {isa = PBXBuildFile; fileRef = 799D47D41328E0430047C14B /* Product.m */; };
		79C92285134A5829006B7818 /* icon-72.png in Resources */ = {isa = PBXBuildFile; fileRef = 79C9227E134A5829006B7818 /* icon-72.png */; };
		79C92286134A5829006B7818 /* icon-small-50.png in Resources */ = {isa = PBXBuildFile; fileRef = 79C9227F134A5829006B7818 /* icon-small-50.png */; };
		79C92287134A5829006B7818 /* icon-small.png in Resources */ = {isa = PBXBuildFile; fileRef = 79C92280134A5829006B7818 /* icon-small.png */; };
		79C92288134A5829006B7818 /* icon-small@2x.png in Resources */ = {isa = PBXBuildFile; fileRef = 79C92281134A5829006B7818 /* icon-small@2x.png */; };
		79C92289134A5829006B7818 /* icon.png in Resources */ = {isa = PBXBuildFile; fileRef = 79C92282134A5829006B7818 /* icon.png */; };
		79C9228A134A5829006B7818 /* icon@2x.png in Resources */ = {isa = PBXBuildFile; fileRef = 79C92283134A5829006B7818 /* icon@2x.png */; };
		79C9228B134A5829006B7818 /* iTunesArtwork in Resources */ = {isa = PBXBuildFile; fileRef = 79C92284134A5829006B7818 /* iTunesArtwork */; };
		79C922EC134A5E2E006B7818 /* img1 in Resources */ = {isa = PBXBuildFile; fileRef = 79C922DA134A5E2E006B7818 /* img1 */; };
		79C922ED134A5E2E006B7818 /* img2 in Resources */ = {isa = PBXBuildFile; fileRef = 79C922E2134A5E2E006B7818 /* img2 */; };
		79C92319134B9AF5006B7818 /* img3 in Resources */ = {isa = PBXBuildFile; fileRef = 79C9230E134B9AF5006B7818 /* img3 */; };
		79C92334134BBFFF006B7818 /* img4 in Resources */ = {isa = PBXBuildFile; fileRef = 79C92333134BBFFF006B7818 /* img4 */; };
		79E6FEAE1349AEBC00E7EE98 /* ProductCellv5.xib in Resources */ = {isa = PBXBuildFile; fileRef = 79E6FEAD1349AEBC00E7EE98 /* ProductCellv5.xib */; };
		79F5EA9F13449C770021341A /* QuartzCore.framework in Frameworks */ = {isa = PBXBuildFile; fileRef = 79F5EA9E13449C770021341A /* QuartzCore.framework */; };
		79F5EB211345DCDB0021341A /* ProductCellv2.xib in Resources */ = {isa = PBXBuildFile; fileRef = 79F5EB201345DCDB0021341A /* ProductCellv2.xib */; };
/* End PBXBuildFile section */

/* Begin PBXFileReference section */
		1D30AB110D05D00D00671497 /* Foundation.framework */ = {isa = PBXFileReference; lastKnownFileType = wrapper.framework; name = Foundation.framework; path = System/Library/Frameworks/Foundation.framework; sourceTree = SDKROOT; };
		1D3623240D0F684500981E51 /* pfandrechnerAppDelegate.h */ = {isa = PBXFileReference; fileEncoding = 4; lastKnownFileType = sourcecode.c.h; path = pfandrechnerAppDelegate.h; sourceTree = "<group>"; };
		1D3623250D0F684500981E51 /* pfandrechnerAppDelegate.m */ = {isa = PBXFileReference; fileEncoding = 4; lastKnownFileType = sourcecode.c.objc; path = pfandrechnerAppDelegate.m; sourceTree = "<group>"; };
		1D6058910D05DD3D006BFB54 /* Pfandrechner.app */ = {isa = PBXFileReference; explicitFileType = wrapper.application; includeInIndex = 0; path = Pfandrechner.app; sourceTree = BUILT_PRODUCTS_DIR; };
		1DF5F4DF0D08C38300B7A737 /* UIKit.framework */ = {isa = PBXFileReference; lastKnownFileType = wrapper.framework; name = UIKit.framework; path = System/Library/Frameworks/UIKit.framework; sourceTree = SDKROOT; };
		2892E40F0DC94CBA00A64D0F /* CoreGraphics.framework */ = {isa = PBXFileReference; lastKnownFileType = wrapper.framework; name = CoreGraphics.framework; path = System/Library/Frameworks/CoreGraphics.framework; sourceTree = SDKROOT; };
		28A0AAE50D9B0CCF005BE974 /* Pfandrechner_Prefix.pch */ = {isa = PBXFileReference; fileEncoding = 4; lastKnownFileType = sourcecode.c.h; path = Pfandrechner_Prefix.pch; sourceTree = "<group>"; };
		28AD735F0D9D9599002E5188 /* MainWindow.xib */ = {isa = PBXFileReference; lastKnownFileType = file.xib; path = MainWindow.xib; sourceTree = "<group>"; };
		28C286DF0D94DF7D0034E888 /* RootViewController.h */ = {isa = PBXFileReference; fileEncoding = 4; lastKnownFileType = sourcecode.c.h; path = RootViewController.h; sourceTree = "<group>"; };
		28C286E00D94DF7D0034E888 /* RootViewController.m */ = {isa = PBXFileReference; fileEncoding = 4; lastKnownFileType = sourcecode.c.objc; path = RootViewController.m; sourceTree = "<group>"; };
		28F335F01007B36200424DE2 /* RootViewController.xib */ = {isa = PBXFileReference; lastKnownFileType = file.xib; path = RootViewController.xib; sourceTree = "<group>"; };
		29B97316FDCFA39411CA2CEA /* main.m */ = {isa = PBXFileReference; fileEncoding = 4; lastKnownFileType = sourcecode.c.objc; path = main.m; sourceTree = "<group>"; };
		793CB6D4134920CC00653AAD /* ProductCellv3.xib */ = {isa = PBXFileReference; lastKnownFileType = file.xib; path = ProductCellv3.xib; sourceTree = "<group>"; };
		793CB6F1134922B500653AAD /* ProductCellv4.xib */ = {isa = PBXFileReference; lastKnownFileType = file.xib; path = ProductCellv4.xib; sourceTree = "<group>"; };
		793FABA1131BEB88003E811C /* ProductCell.h */ = {isa = PBXFileReference; fileEncoding = 4; lastKnownFileType = sourcecode.c.h; name = ProductCell.h; path = ../ProductCell.h; sourceTree = "<group>"; };
		793FABA2131BEB88003E811C /* ProductCell.m */ = {isa = PBXFileReference; fileEncoding = 4; lastKnownFileType = sourcecode.c.objc; name = ProductCell.m; path = ../ProductCell.m; sourceTree = "<group>"; };
		793FABA5131BEBBE003E811C /* ProductCell.xib */ = {isa = PBXFileReference; lastKnownFileType = file.xib; path = ProductCell.xib; sourceTree = "<group>"; };
		79819A0C134CA2520076B852 /* FlurryAPI.h */ = {isa = PBXFileReference; fileEncoding = 4; lastKnownFileType = sourcecode.c.h; path = FlurryAPI.h; sourceTree = "<group>"; };
		79819A0D134CA2520076B852 /* libFlurry.a */ = {isa = PBXFileReference; lastKnownFileType = archive.ar; path = libFlurry.a; sourceTree = "<group>"; };
		79819A98134CB7C10076B852 /* CoreFoundation.framework */ = {isa = PBXFileReference; lastKnownFileType = wrapper.framework; name = CoreFoundation.framework; path = System/Library/Frameworks/CoreFoundation.framework; sourceTree = SDKROOT; };
		79819B06134CBE0A0076B852 /* AudioToolbox.framework */ = {isa = PBXFileReference; lastKnownFileType = wrapper.framework; name = AudioToolbox.framework; path = System/Library/Frameworks/AudioToolbox.framework; sourceTree = SDKROOT; };
		79819B3C134CC2AD0076B852 /* AVFoundation.framework */ = {isa = PBXFileReference; lastKnownFileType = wrapper.framework; name = AVFoundation.framework; path = System/Library/Frameworks/AVFoundation.framework; sourceTree = SDKROOT; };
		799D47D31328E0430047C14B /* Product.h */ = {isa = PBXFileReference; fileEncoding = 4; lastKnownFileType = sourcecode.c.h; path = Product.h; sourceTree = "<group>"; };
		799D47D41328E0430047C14B /* Product.m */ = {isa = PBXFileReference; fileEncoding = 4; lastKnownFileType = sourcecode.c.objc; path = Product.m; sourceTree = "<group>"; };
		79C9227E134A5829006B7818 /* icon-72.png */ = {isa = PBXFileReference; lastKnownFileType = image.png; path = "icon-72.png"; sourceTree = "<group>"; };
		79C9227F134A5829006B7818 /* icon-small-50.png */ = {isa = PBXFileReference; lastKnownFileType = image.png; path = "icon-small-50.png"; sourceTree = "<group>"; };
		79C92280134A5829006B7818 /* icon-small.png */ = {isa = PBXFileReference; lastKnownFileType = image.png; path = "icon-small.png"; sourceTree = "<group>"; };
		79C92281134A5829006B7818 /* icon-small@2x.png */ = {isa = PBXFileReference; lastKnownFileType = image.png; path = "icon-small@2x.png"; sourceTree = "<group>"; };
		79C92282134A5829006B7818 /* icon.png */ = {isa = PBXFileReference; lastKnownFileType = image.png; path = icon.png; sourceTree = "<group>"; };
		79C92283134A5829006B7818 /* icon@2x.png */ = {isa = PBXFileReference; lastKnownFileType = image.png; path = "icon@2x.png"; sourceTree = "<group>"; };
		79C92284134A5829006B7818 /* iTunesArtwork */ = {isa = PBXFileReference; lastKnownFileType = file; path = iTunesArtwork; sourceTree = "<group>"; };
		79C922DA134A5E2E006B7818 /* img1 */ = {isa = PBXFileReference; lastKnownFileType = folder; path = img1; sourceTree = "<group>"; };
		79C922E2134A5E2E006B7818 /* img2 */ = {isa = PBXFileReference; lastKnownFileType = folder; path = img2; sourceTree = "<group>"; };
		79C9230E134B9AF5006B7818 /* img3 */ = {isa = PBXFileReference; lastKnownFileType = folder; path = img3; sourceTree = "<group>"; };
		79C92333134BBFFF006B7818 /* img4 */ = {isa = PBXFileReference; lastKnownFileType = folder; path = img4; sourceTree = "<group>"; };
		79E6FEAD1349AEBC00E7EE98 /* ProductCellv5.xib */ = {isa = PBXFileReference; lastKnownFileType = file.xib; path = ProductCellv5.xib; sourceTree = "<group>"; };
		79F5EA9E13449C770021341A /* QuartzCore.framework */ = {isa = PBXFileReference; lastKnownFileType = wrapper.framework; name = QuartzCore.framework; path = System/Library/Frameworks/QuartzCore.framework; sourceTree = SDKROOT; };
		79F5EB201345DCDB0021341A /* ProductCellv2.xib */ = {isa = PBXFileReference; lastKnownFileType = file.xib; path = ProductCellv2.xib; sourceTree = "<group>"; };
		8D1107310486CEB800E47090 /* Pfandrechner-Info.plist */ = {isa = PBXFileReference; fileEncoding = 4; lastKnownFileType = text.plist.xml; path = "Pfandrechner-Info.plist"; plistStructureDefinitionIdentifier = "com.apple.xcode.plist.structure-definition.iphone.info-plist"; sourceTree = "<group>"; };
/* End PBXFileReference section */

/* Begin PBXFrameworksBuildPhase section */
		1D60588F0D05DD3D006BFB54 /* Frameworks */ = {
			isa = PBXFrameworksBuildPhase;
			buildActionMask = 2147483647;
			files = (
				1D60589F0D05DD5A006BFB54 /* Foundation.framework in Frameworks */,
				1DF5F4E00D08C38300B7A737 /* UIKit.framework in Frameworks */,
				2892E4100DC94CBA00A64D0F /* CoreGraphics.framework in Frameworks */,
				79F5EA9F13449C770021341A /* QuartzCore.framework in Frameworks */,
				79819A0E134CA2520076B852 /* libFlurry.a in Frameworks */,
				79819A99134CB7C10076B852 /* CoreFoundation.framework in Frameworks */,
				79819B07134CBE0A0076B852 /* AudioToolbox.framework in Frameworks */,
				79819B3D134CC2AD0076B852 /* AVFoundation.framework in Frameworks */,
			);
			runOnlyForDeploymentPostprocessing = 0;
		};
/* End PBXFrameworksBuildPhase section */

/* Begin PBXGroup section */
		080E96DDFE201D6D7F000001 /* Classes */ = {
			isa = PBXGroup;
			children = (
				28C286DF0D94DF7D0034E888 /* RootViewController.h */,
				28C286E00D94DF7D0034E888 /* RootViewController.m */,
				793FABA1131BEB88003E811C /* ProductCell.h */,
				793FABA2131BEB88003E811C /* ProductCell.m */,
				1D3623240D0F684500981E51 /* pfandrechnerAppDelegate.h */,
				1D3623250D0F684500981E51 /* pfandrechnerAppDelegate.m */,
				799D47D31328E0430047C14B /* Product.h */,
				799D47D41328E0430047C14B /* Product.m */,
			);
			path = Classes;
			sourceTree = "<group>";
		};
		19C28FACFE9D520D11CA2CBB /* Products */ = {
			isa = PBXGroup;
			children = (
				1D6058910D05DD3D006BFB54 /* Pfandrechner.app */,
			);
			name = Products;
			sourceTree = "<group>";
		};
		29B97314FDCFA39411CA2CEA /* CustomTemplate */ = {
			isa = PBXGroup;
			children = (
				79819A07134CA2520076B852 /* FlurryLib */,
				080E96DDFE201D6D7F000001 /* Classes */,
				29B97315FDCFA39411CA2CEA /* Other Sources */,
				29B97317FDCFA39411CA2CEA /* Resources */,
				29B97323FDCFA39411CA2CEA /* Frameworks */,
				19C28FACFE9D520D11CA2CBB /* Products */,
			);
			name = CustomTemplate;
			sourceTree = "<group>";
		};
		29B97315FDCFA39411CA2CEA /* Other Sources */ = {
			isa = PBXGroup;
			children = (
				28A0AAE50D9B0CCF005BE974 /* Pfandrechner_Prefix.pch */,
				29B97316FDCFA39411CA2CEA /* main.m */,
			);
			name = "Other Sources";
			sourceTree = "<group>";
		};
		29B97317FDCFA39411CA2CEA /* Resources */ = {
			isa = PBXGroup;
			children = (
				79C92284134A5829006B7818 /* iTunesArtwork */,
				79C922DA134A5E2E006B7818 /* img1 */,
				79C922E2134A5E2E006B7818 /* img2 */,
				79C9230E134B9AF5006B7818 /* img3 */,
				79C92333134BBFFF006B7818 /* img4 */,
				79C92283134A5829006B7818 /* icon@2x.png */,
				79C92282134A5829006B7818 /* icon.png */,
				79C9227E134A5829006B7818 /* icon-72.png */,
				79C92280134A5829006B7818 /* icon-small.png */,
				79C9227F134A5829006B7818 /* icon-small-50.png */,
				79C92281134A5829006B7818 /* icon-small@2x.png */,
				28F335F01007B36200424DE2 /* RootViewController.xib */,
				28AD735F0D9D9599002E5188 /* MainWindow.xib */,
				8D1107310486CEB800E47090 /* Pfandrechner-Info.plist */,
				793FABA5131BEBBE003E811C /* ProductCell.xib */,
				79F5EB201345DCDB0021341A /* ProductCellv2.xib */,
				793CB6D4134920CC00653AAD /* ProductCellv3.xib */,
				793CB6F1134922B500653AAD /* ProductCellv4.xib */,
				79E6FEAD1349AEBC00E7EE98 /* ProductCellv5.xib */,
			);
			name = Resources;
			sourceTree = "<group>";
		};
		29B97323FDCFA39411CA2CEA /* Frameworks */ = {
			isa = PBXGroup;
			children = (
				1DF5F4DF0D08C38300B7A737 /* UIKit.framework */,
				1D30AB110D05D00D00671497 /* Foundation.framework */,
				2892E40F0DC94CBA00A64D0F /* CoreGraphics.framework */,
				79F5EA9E13449C770021341A /* QuartzCore.framework */,
				79819A98134CB7C10076B852 /* CoreFoundation.framework */,
				79819B06134CBE0A0076B852 /* AudioToolbox.framework */,
				79819B3C134CC2AD0076B852 /* AVFoundation.framework */,
			);
			name = Frameworks;
			sourceTree = "<group>";
		};
		79819A07134CA2520076B852 /* FlurryLib */ = {
			isa = PBXGroup;
			children = (
				79819A0C134CA2520076B852 /* FlurryAPI.h */,
				79819A0D134CA2520076B852 /* libFlurry.a */,
			);
			path = FlurryLib;
			sourceTree = "<group>";
		};
/* End PBXGroup section */

/* Begin PBXNativeTarget section */
		1D6058900D05DD3D006BFB54 /* Pfandrechner */ = {
			isa = PBXNativeTarget;
			buildConfigurationList = 1D6058960D05DD3E006BFB54 /* Build configuration list for PBXNativeTarget "Pfandrechner" */;
			buildPhases = (
				1D60588D0D05DD3D006BFB54 /* Resources */,
				1D60588E0D05DD3D006BFB54 /* Sources */,
				1D60588F0D05DD3D006BFB54 /* Frameworks */,
			);
			buildRules = (
			);
			dependencies = (
			);
			name = Pfandrechner;
			productName = pfandrechner;
			productReference = 1D6058910D05DD3D006BFB54 /* Pfandrechner.app */;
			productType = "com.apple.product-type.application";
		};
/* End PBXNativeTarget section */

/* Begin PBXProject section */
		29B97313FDCFA39411CA2CEA /* Project object */ = {
			isa = PBXProject;
			buildConfigurationList = C01FCF4E08A954540054247B /* Build configuration list for PBXProject "pfandrechner" */;
			compatibilityVersion = "Xcode 3.1";
			developmentRegion = English;
			hasScannedForEncodings = 1;
			knownRegions = (
				English,
				Japanese,
				French,
				German,
				en,
			);
			mainGroup = 29B97314FDCFA39411CA2CEA /* CustomTemplate */;
			projectDirPath = "";
			projectRoot = "";
			targets = (
				1D6058900D05DD3D006BFB54 /* Pfandrechner */,
			);
		};
/* End PBXProject section */

/* Begin PBXResourcesBuildPhase section */
		1D60588D0D05DD3D006BFB54 /* Resources */ = {
			isa = PBXResourcesBuildPhase;
			buildActionMask = 2147483647;
			files = (
				28AD73600D9D9599002E5188 /* MainWindow.xib in Resources */,
				28F335F11007B36200424DE2 /* RootViewController.xib in Resources */,
				793FABA6131BEBBE003E811C /* ProductCell.xib in Resources */,
				79F5EB211345DCDB0021341A /* ProductCellv2.xib in Resources */,
				793CB6D5134920CC00653AAD /* ProductCellv3.xib in Resources */,
				793CB6F2134922B500653AAD /* ProductCellv4.xib in Resources */,
				79E6FEAE1349AEBC00E7EE98 /* ProductCellv5.xib in Resources */,
				79C92285134A5829006B7818 /* icon-72.png in Resources */,
				79C92286134A5829006B7818 /* icon-small-50.png in Resources */,
				79C92287134A5829006B7818 /* icon-small.png in Resources */,
				79C92288134A5829006B7818 /* icon-small@2x.png in Resources */,
				79C92289134A5829006B7818 /* icon.png in Resources */,
				79C9228A134A5829006B7818 /* icon@2x.png in Resources */,
				79C9228B134A5829006B7818 /* iTunesArtwork in Resources */,
				79C922EC134A5E2E006B7818 /* img1 in Resources */,
				79C922ED134A5E2E006B7818 /* img2 in Resources */,
				79C92319134B9AF5006B7818 /* img3 in Resources */,
				79C92334134BBFFF006B7818 /* img4 in Resources */,
			);
			runOnlyForDeploymentPostprocessing = 0;
		};
/* End PBXResourcesBuildPhase section */

/* Begin PBXSourcesBuildPhase section */
		1D60588E0D05DD3D006BFB54 /* Sources */ = {
			isa = PBXSourcesBuildPhase;
			buildActionMask = 2147483647;
			files = (
				1D60589B0D05DD56006BFB54 /* main.m in Sources */,
				1D3623260D0F684500981E51 /* pfandrechnerAppDelegate.m in Sources */,
				28C286E10D94DF7D0034E888 /* RootViewController.m in Sources */,
				793FABA3131BEB88003E811C /* ProductCell.m in Sources */,
				799D47D51328E0430047C14B /* Product.m in Sources */,
			);
			runOnlyForDeploymentPostprocessing = 0;
		};
/* End PBXSourcesBuildPhase section */

/* Begin XCBuildConfiguration section */
		1D6058940D05DD3E006BFB54 /* Debug */ = {
			isa = XCBuildConfiguration;
			buildSettings = {
				ALWAYS_SEARCH_USER_PATHS = NO;
				COPY_PHASE_STRIP = NO;
				GCC_DYNAMIC_NO_PIC = NO;
				GCC_OPTIMIZATION_LEVEL = 0;
				GCC_PRECOMPILE_PREFIX_HEADER = YES;
				GCC_PREFIX_HEADER = Pfandrechner_Prefix.pch;
				INFOPLIST_FILE = "Pfandrechner-Info.plist";
				LIBRARY_SEARCH_PATHS = (
					"$(inherited)",
					"\"$(SRCROOT)/FlurryLib\"",
				);
				PRODUCT_NAME = Pfandrechner;
			};
			name = Debug;
		};
		1D6058950D05DD3E006BFB54 /* Release */ = {
			isa = XCBuildConfiguration;
			buildSettings = {
				ALWAYS_SEARCH_USER_PATHS = NO;
				COPY_PHASE_STRIP = YES;
				GCC_PRECOMPILE_PREFIX_HEADER = YES;
				GCC_PREFIX_HEADER = Pfandrechner_Prefix.pch;
				INFOPLIST_FILE = "Pfandrechner-Info.plist";
				LIBRARY_SEARCH_PATHS = (
					"$(inherited)",
					"\"$(SRCROOT)/FlurryLib\"",
				);
				PRODUCT_NAME = Pfandrechner;
				VALIDATE_PRODUCT = YES;
			};
			name = Release;
		};
		C01FCF4F08A954540054247B /* Debug */ = {
			isa = XCBuildConfiguration;
			buildSettings = {
				ARCHS = "$(ARCHS_STANDARD_32_BIT)";
				"CODE_SIGN_IDENTITY[sdk=iphonesimulator*]" = "iPhone Developer";
				GCC_C_LANGUAGE_STANDARD = c99;
				GCC_WARN_ABOUT_RETURN_TYPE = YES;
				GCC_WARN_UNUSED_VARIABLE = YES;
				PREBINDING = NO;
				SDKROOT = iphoneos;
			};
			name = Debug;
		};
		C01FCF5008A954540054247B /* Release */ = {
			isa = XCBuildConfiguration;
			buildSettings = {
				ARCHS = "$(ARCHS_STANDARD_32_BIT)";
				"CODE_SIGN_IDENTITY[sdk=iphoneos*]" = "iPhone Developer";
				GCC_C_LANGUAGE_STANDARD = c99;
				GCC_WARN_ABOUT_RETURN_TYPE = YES;
				GCC_WARN_UNUSED_VARIABLE = YES;
				OTHER_CFLAGS = "-DNS_BLOCK_ASSERTIONS=1";
				PREBINDING = NO;
				SDKROOT = iphoneos;
			};
			name = Release;
		};
/* End XCBuildConfiguration section */

/* Begin XCConfigurationList section */
		1D6058960D05DD3E006BFB54 /* Build configuration list for PBXNativeTarget "Pfandrechner" */ = {
			isa = XCConfigurationList;
			buildConfigurations = (
				1D6058940D05DD3E006BFB54 /* Debug */,
				1D6058950D05DD3E006BFB54 /* Release */,
			);
			defaultConfigurationIsVisible = 0;
			defaultConfigurationName = Release;
		};
		C01FCF4E08A954540054247B /* Build configuration list for PBXProject "pfandrechner" */ = {
			isa = XCConfigurationList;
			buildConfigurations = (
				C01FCF4F08A954540054247B /* Debug */,
				C01FCF5008A954540054247B /* Release */,
			);
			defaultConfigurationIsVisible = 0;
			defaultConfigurationName = Release;
		};
/* End XCConfigurationList section */
	};
	rootObject = 29B97313FDCFA39411CA2CEA /* Project object */;
}
